
Microsoft Visual Studio Solution File, Format Version 12.00
# Visual Studio Version 17
VisualStudioVersion = 17.1.32421.90
MinimumVisualStudioVersion = 10.0.40219.1
Project("{FAE04EC0-301F-11D3-BF4B-00C04F79EFBC}") = "Sharepoint.Data.Connector", "Sharepoint.Data.Connector\Sharepoint.Data.Connector.csproj", "{188FA7F5-7B29-4BBA-9E03-D012E500BD10}"
EndProject
Project("{FAE04EC0-301F-11D3-BF4B-00C04F79EFBC}") = "Sharepoint.Data.Connector.UT", "Sharepoint.Data.Connector.UT\Sharepoint.Data.Connector.UT.csproj", "{144D3921-F7F5-440F-9CF2-D9A47CCDCD03}"
EndProject
Global
	GlobalSection(SolutionConfigurationPlatforms) = preSolution
		Debug|Any CPU = Debug|Any CPU
		Release|Any CPU = Release|Any CPU
	EndGlobalSection
	GlobalSection(ProjectConfigurationPlatforms) = postSolution
		{188FA7F5-7B29-4BBA-9E03-D012E500BD10}.Debug|Any CPU.ActiveCfg = Debug|Any CPU
		{188FA7F5-7B29-4BBA-9E03-D012E500BD10}.Debug|Any CPU.Build.0 = Debug|Any CPU
		{188FA7F5-7B29-4BBA-9E03-D012E500BD10}.Release|Any CPU.ActiveCfg = Release|Any CPU
		{188FA7F5-7B29-4BBA-9E03-D012E500BD10}.Release|Any CPU.Build.0 = Release|Any CPU
		{144D3921-F7F5-440F-9CF2-D9A47CCDCD03}.Debug|Any CPU.ActiveCfg = Debug|Any CPU
		{144D3921-F7F5-440F-9CF2-D9A47CCDCD03}.Debug|Any CPU.Build.0 = Debug|Any CPU
		{144D3921-F7F5-440F-9CF2-D9A47CCDCD03}.Release|Any CPU.ActiveCfg = Release|Any CPU
		{144D3921-F7F5-440F-9CF2-D9A47CCDCD03}.Release|Any CPU.Build.0 = Release|Any CPU
	EndGlobalSection
	GlobalSection(SolutionProperties) = preSolution
		HideSolutionNode = FALSE
	EndGlobalSection
	GlobalSection(ExtensibilityGlobals) = postSolution
		SolutionGuid = {29C1D5F8-8BA9-40D5-B9E6-33D563B3F598}
	EndGlobalSection
EndGlobal
